
Microsoft Visual Studio Solution File, Format Version 12.00
# Visual Studio 14
VisualStudioVersion = 14.0.25420.1
MinimumVisualStudioVersion = 10.0.40219.1
Project("{FAE04EC0-301F-11D3-BF4B-00C04F79EFBC}") = "GTMDInformationTool", "GTMDInformationTool.csproj", "{7AA6B6AA-F918-4B7B-BEEF-BF40664443EC}"
EndProject
Global
	GlobalSection(SolutionConfigurationPlatforms) = preSolution
		Debug|Any CPU = Debug|Any CPU
		Release|Any CPU = Release|Any CPU
	EndGlobalSection
	GlobalSection(ProjectConfigurationPlatforms) = postSolution
		{7AA6B6AA-F918-4B7B-BEEF-BF40664443EC}.Debug|Any CPU.ActiveCfg = Debug|Any CPU
		{7AA6B6AA-F918-4B7B-BEEF-BF40664443EC}.Debug|Any CPU.Build.0 = Debug|Any CPU
		{7AA6B6AA-F918-4B7B-BEEF-BF40664443EC}.Release|Any CPU.ActiveCfg = Release|Any CPU
		{7AA6B6AA-F918-4B7B-BEEF-BF40664443EC}.Release|Any CPU.Build.0 = Release|Any CPU
	EndGlobalSection
	GlobalSection(SolutionProperties) = preSolution
		HideSolutionNode = FALSE
	EndGlobalSection
EndGlobal
